
Microsoft Visual Studio Solution File, Format Version 12.00
# Visual Studio Version 16
VisualStudioVersion = 16.0.33801.447
MinimumVisualStudioVersion = 10.0.40219.1
Project("{FAE04EC0-301F-11D3-BF4B-00C04F79EFBC}") = "Ticari_Otomasyon", "Ticari_Otomasyon\Ticari_Otomasyon.csproj", "{2697D2CD-54DF-4021-91B4-55D3B03405E3}"
EndProject
Global
	GlobalSection(SolutionConfigurationPlatforms) = preSolution
		Debug|Any CPU = Debug|Any CPU
		Release|Any CPU = Release|Any CPU
	EndGlobalSection
	GlobalSection(ProjectConfigurationPlatforms) = postSolution
		{2697D2CD-54DF-4021-91B4-55D3B03405E3}.Debug|Any CPU.ActiveCfg = Debug|Any CPU
		{2697D2CD-54DF-4021-91B4-55D3B03405E3}.Debug|Any CPU.Build.0 = Debug|Any CPU
		{2697D2CD-54DF-4021-91B4-55D3B03405E3}.Release|Any CPU.ActiveCfg = Release|Any CPU
		{2697D2CD-54DF-4021-91B4-55D3B03405E3}.Release|Any CPU.Build.0 = Release|Any CPU
	EndGlobalSection
	GlobalSection(SolutionProperties) = preSolution
		HideSolutionNode = FALSE
	EndGlobalSection
	GlobalSection(ExtensibilityGlobals) = postSolution
		SolutionGuid = {62301E3D-7328-4CA1-962D-23BEE6A3BE43}
	EndGlobalSection
EndGlobal
